
Microsoft Visual Studio Solution File, Format Version 12.00
# Visual Studio 15
VisualStudioVersion = 15.0.27428.2015
MinimumVisualStudioVersion = 10.0.40219.1
Project("{8BC9CEB8-8B4A-11D0-8D11-00A0C91BC942}") = "SpectrometerApp", "SpectrometerApp.vcxproj", "{929AD8BD-5DA5-4FFD-9067-06B55C8EA9A2}"
EndProject
Global
	GlobalSection(SolutionConfigurationPlatforms) = preSolution
		Debug|x64 = Debug|x64
		Debug|x86 = Debug|x86
		Release|x64 = Release|x64
		Release|x86 = Release|x86
	EndGlobalSection
	GlobalSection(ProjectConfigurationPlatforms) = postSolution
		{929AD8BD-5DA5-4FFD-9067-06B55C8EA9A2}.Debug|x64.ActiveCfg = Debug|x64
		{929AD8BD-5DA5-4FFD-9067-06B55C8EA9A2}.Debug|x64.Build.0 = Debug|x64
		{929AD8BD-5DA5-4FFD-9067-06B55C8EA9A2}.Debug|x86.ActiveCfg = Debug|Win32
		{929AD8BD-5DA5-4FFD-9067-06B55C8EA9A2}.Debug|x86.Build.0 = Debug|Win32
		{929AD8BD-5DA5-4FFD-9067-06B55C8EA9A2}.Release|x64.ActiveCfg = Release|x64
		{929AD8BD-5DA5-4FFD-9067-06B55C8EA9A2}.Release|x64.Build.0 = Release|x64
		{929AD8BD-5DA5-4FFD-9067-06B55C8EA9A2}.Release|x86.ActiveCfg = Release|Win32
		{929AD8BD-5DA5-4FFD-9067-06B55C8EA9A2}.Release|x86.Build.0 = Release|Win32
	EndGlobalSection
	GlobalSection(SolutionProperties) = preSolution
		HideSolutionNode = FALSE
	EndGlobalSection
	GlobalSection(ExtensibilityGlobals) = postSolution
		SolutionGuid = {2FBA97C7-3021-418B-9447-451D48B44C48}
	EndGlobalSection
EndGlobal
